{
  "name": "npm",
  "version": "1.0.0",
  "lockfileVersion": 2,
  "requires": true,
  "packages": {
    "": {
      "name": "npm",
      "version": "1.0.0",
      "license": "ISC",
      "dependencies": {
        "-": "^0.0.1",
        "@fortawesome/fontawesome": "^1.1.8",
        "free": "^1.0.0",
        "lightgallery": "^2.2.1"
      }
    },
    "node_modules/-": {
      "version": "0.0.1",
      "resolved": "https://registry.npmjs.org/-/-/--0.0.1.tgz",
      "integrity": "sha512-3HfneK3DGAm05fpyj20sT3apkNcvPpCuccOThOPdzz8sY7GgQGe0l93XH9bt+YzibcTIgUAIMoyVJI740RtgyQ=="
    },
    "node_modules/@fortawesome/fontawesome": {
      "version": "1.1.8",
      "resolved": "https://registry.npmjs.org/@fortawesome/fontawesome/-/fontawesome-1.1.8.tgz",
      "integrity": "sha512-c0/MtkPVT0fmiFcCyYoPjkG9PkMOvfrZw2+0BaJ+Rh6UEcK1AR/LaRgrHHjUkbAbs9LXxQJhFS8CJ4uSnK2+JA==",
      "deprecated": "This package is deprecated. See https://git.io/fNCzJ for information about upgrading.",
      "dependencies": {
        "@fortawesome/fontawesome-common-types": "^0.1.7"
      },
      "engines": {
        "node": ">=6"
      }
    },
    "node_modules/@fortawesome/fontawesome-common-types": {
      "version": "0.1.7",
      "resolved": "https://registry.npmjs.org/@fortawesome/fontawesome-common-types/-/fontawesome-common-types-0.1.7.tgz",
      "integrity": "sha512-ego8jRVSHfq/iq4KRZJKQeUAdi3ZjGNrqw4oPN3fNdvTBnLCSntwVCnc37bsAJP9UB8MhrTfPnZYxkv2vpS4pg==",
      "engines": {
        "node": ">=6"
      }
    },
    "node_modules/free": {
      "version": "1.0.0",
      "resolved": "https://registry.npmjs.org/free/-/free-1.0.0.tgz",
      "integrity": "sha1-r17NBJx+yd0u495rD14chXYCX5E=",
      "bin": {
        "node-free": "index.js"
      }
    },
    "node_modules/lightgallery": {
      "version": "2.2.1",
      "resolved": "https://registry.npmjs.org/lightgallery/-/lightgallery-2.2.1.tgz",
      "integrity": "sha512-6eDdqyQsQhxHYccMxWRNsHGkY1tITFHheR89ivlyQsDPYVt2yH/fIoJpipT1pMc8bCti/Pv7X0vU0QLMdnHehg==",
      "engines": {
        "node": ">=6.0.0"
      }
    }
  },
  "dependencies": {
    "-": {
      "version": "0.0.1",
      "resolved": "https://registry.npmjs.org/-/-/--0.0.1.tgz",
      "integrity": "sha512-3HfneK3DGAm05fpyj20sT3apkNcvPpCuccOThOPdzz8sY7GgQGe0l93XH9bt+YzibcTIgUAIMoyVJI740RtgyQ=="
    },
    "@fortawesome/fontawesome": {
      "version": "1.1.8",
      "resolved": "https://registry.npmjs.org/@fortawesome/fontawesome/-/fontawesome-1.1.8.tgz",
      "integrity": "sha512-c0/MtkPVT0fmiFcCyYoPjkG9PkMOvfrZw2+0BaJ+Rh6UEcK1AR/LaRgrHHjUkbAbs9LXxQJhFS8CJ4uSnK2+JA==",
      "requires": {
        "@fortawesome/fontawesome-common-types": "^0.1.7"
      }
    },
    "@fortawesome/fontawesome-common-types": {
      "version": "0.1.7",
      "resolved": "https://registry.npmjs.org/@fortawesome/fontawesome-common-types/-/fontawesome-common-types-0.1.7.tgz",
      "integrity": "sha512-ego8jRVSHfq/iq4KRZJKQeUAdi3ZjGNrqw4oPN3fNdvTBnLCSntwVCnc37bsAJP9UB8MhrTfPnZYxkv2vpS4pg=="
    },
    "free": {
      "version": "1.0.0",
      "resolved": "https://registry.npmjs.org/free/-/free-1.0.0.tgz",
      "integrity": "sha1-r17NBJx+yd0u495rD14chXYCX5E="
    },
    "lightgallery": {
      "version": "2.2.1",
      "resolved": "https://registry.npmjs.org/lightgallery/-/lightgallery-2.2.1.tgz",
      "integrity": "sha512-6eDdqyQsQhxHYccMxWRNsHGkY1tITFHheR89ivlyQsDPYVt2yH/fIoJpipT1pMc8bCti/Pv7X0vU0QLMdnHehg=="
    }
  }
}
